
Microsoft Visual Studio Solution File, Format Version 12.00
# Visual Studio Version 17
VisualStudioVersion = 17.1.32421.90
MinimumVisualStudioVersion = 10.0.40219.1
Project("{2150E333-8FDC-42A3-9474-1A3956D46DE8}") = "Services", "Services", "{59F4E9E3-8A50-463F-8075-DCBBE1A75185}"
EndProject
Project("{2150E333-8FDC-42A3-9474-1A3956D46DE8}") = "Catalog", "Catalog", "{A418ECA7-E0F7-49C7-8599-78D928E5A7E4}"
EndProject
Project("{9A19103F-16F7-4668-BE54-9A1E7A4F7556}") = "Catalog.API", "Services\Catalog\Catalog.API\Catalog.API.csproj", "{51F2E709-B012-437B-8C93-3C584E861649}"
EndProject
Project("{E53339B2-1760-4266-BCC7-CA923CBCF16C}") = "docker-compose", "docker-compose.dcproj", "{F03AA924-0AD4-4392-BE00-E6DD6F38569F}"
EndProject
Project("{2150E333-8FDC-42A3-9474-1A3956D46DE8}") = "Basket", "Basket", "{3382F952-1697-4325-9ED3-EEA710682570}"
EndProject
Project("{9A19103F-16F7-4668-BE54-9A1E7A4F7556}") = "Basket.API", "Services\Basket\Basket.API\Basket.API.csproj", "{4FFB8427-AB94-4951-8FC1-EE3B820793D7}"
EndProject
Project("{2150E333-8FDC-42A3-9474-1A3956D46DE8}") = "Discount", "Discount", "{CAE2842F-212E-4046-B357-8C89E967C135}"
EndProject
Project("{9A19103F-16F7-4668-BE54-9A1E7A4F7556}") = "Discount.API", "Services\Discount\Discount.API\Discount.API.csproj", "{4E71C043-867D-4609-A399-B6F5AE92AEB7}"
EndProject
Project("{FAE04EC0-301F-11D3-BF4B-00C04F79EFBC}") = "Discount.Grpc", "Services\Discount\Discount.Grpc\Discount.Grpc.csproj", "{73D7DE57-A6FE-4769-B5B1-5BA3402E5EAD}"
EndProject
Global
	GlobalSection(SolutionConfigurationPlatforms) = preSolution
		Debug|Any CPU = Debug|Any CPU
		Release|Any CPU = Release|Any CPU
	EndGlobalSection
	GlobalSection(ProjectConfigurationPlatforms) = postSolution
		{51F2E709-B012-437B-8C93-3C584E861649}.Debug|Any CPU.ActiveCfg = Debug|Any CPU
		{51F2E709-B012-437B-8C93-3C584E861649}.Debug|Any CPU.Build.0 = Debug|Any CPU
		{51F2E709-B012-437B-8C93-3C584E861649}.Release|Any CPU.ActiveCfg = Release|Any CPU
		{51F2E709-B012-437B-8C93-3C584E861649}.Release|Any CPU.Build.0 = Release|Any CPU
		{F03AA924-0AD4-4392-BE00-E6DD6F38569F}.Debug|Any CPU.ActiveCfg = Debug|Any CPU
		{F03AA924-0AD4-4392-BE00-E6DD6F38569F}.Debug|Any CPU.Build.0 = Debug|Any CPU
		{F03AA924-0AD4-4392-BE00-E6DD6F38569F}.Release|Any CPU.ActiveCfg = Release|Any CPU
		{F03AA924-0AD4-4392-BE00-E6DD6F38569F}.Release|Any CPU.Build.0 = Release|Any CPU
		{4FFB8427-AB94-4951-8FC1-EE3B820793D7}.Debug|Any CPU.ActiveCfg = Debug|Any CPU
		{4FFB8427-AB94-4951-8FC1-EE3B820793D7}.Debug|Any CPU.Build.0 = Debug|Any CPU
		{4FFB8427-AB94-4951-8FC1-EE3B820793D7}.Release|Any CPU.ActiveCfg = Release|Any CPU
		{4FFB8427-AB94-4951-8FC1-EE3B820793D7}.Release|Any CPU.Build.0 = Release|Any CPU
		{4E71C043-867D-4609-A399-B6F5AE92AEB7}.Debug|Any CPU.ActiveCfg = Debug|Any CPU
		{4E71C043-867D-4609-A399-B6F5AE92AEB7}.Debug|Any CPU.Build.0 = Debug|Any CPU
		{4E71C043-867D-4609-A399-B6F5AE92AEB7}.Release|Any CPU.ActiveCfg = Release|Any CPU
		{4E71C043-867D-4609-A399-B6F5AE92AEB7}.Release|Any CPU.Build.0 = Release|Any CPU
		{73D7DE57-A6FE-4769-B5B1-5BA3402E5EAD}.Debug|Any CPU.ActiveCfg = Debug|Any CPU
		{73D7DE57-A6FE-4769-B5B1-5BA3402E5EAD}.Debug|Any CPU.Build.0 = Debug|Any CPU
		{73D7DE57-A6FE-4769-B5B1-5BA3402E5EAD}.Release|Any CPU.ActiveCfg = Release|Any CPU
		{73D7DE57-A6FE-4769-B5B1-5BA3402E5EAD}.Release|Any CPU.Build.0 = Release|Any CPU
	EndGlobalSection
	GlobalSection(SolutionProperties) = preSolution
		HideSolutionNode = FALSE
	EndGlobalSection
	GlobalSection(NestedProjects) = preSolution
		{A418ECA7-E0F7-49C7-8599-78D928E5A7E4} = {59F4E9E3-8A50-463F-8075-DCBBE1A75185}
		{51F2E709-B012-437B-8C93-3C584E861649} = {A418ECA7-E0F7-49C7-8599-78D928E5A7E4}
		{3382F952-1697-4325-9ED3-EEA710682570} = {59F4E9E3-8A50-463F-8075-DCBBE1A75185}
		{4FFB8427-AB94-4951-8FC1-EE3B820793D7} = {3382F952-1697-4325-9ED3-EEA710682570}
		{CAE2842F-212E-4046-B357-8C89E967C135} = {59F4E9E3-8A50-463F-8075-DCBBE1A75185}
		{4E71C043-867D-4609-A399-B6F5AE92AEB7} = {CAE2842F-212E-4046-B357-8C89E967C135}
		{73D7DE57-A6FE-4769-B5B1-5BA3402E5EAD} = {CAE2842F-212E-4046-B357-8C89E967C135}
	EndGlobalSection
	GlobalSection(ExtensibilityGlobals) = postSolution
		SolutionGuid = {035214B2-2853-4356-8B37-5F3CE909FFB2}
	EndGlobalSection
EndGlobal
